
Microsoft Visual Studio Solution File, Format Version 12.00
# Visual Studio 15
VisualStudioVersion = 15.0.26206.0
MinimumVisualStudioVersion = 10.0.40219.1
Project("{A07B5EB6-E848-4116-A8D0-A826331D98C6}") = "MinecraftFabric", "MinecraftFabric\MinecraftFabric.sfproj", "{E1AFDCDD-8EB2-41BE-99E8-8CE502AE9387}"
EndProject
Project("{FAE04EC0-301F-11D3-BF4B-00C04F79EFBC}") = "MinecraftFabric.ActorServices", "MinecraftFabric.ActorServices\MinecraftFabric.ActorServices.csproj", "{8E9F7B8E-2FE4-407E-A5D1-FCA0F483A16E}"
EndProject
Project("{FAE04EC0-301F-11D3-BF4B-00C04F79EFBC}") = "MinecraftFabric.Common", "MinecraftFabric.Common\MinecraftFabric.Common.csproj", "{6C5A37DB-94DA-4098-BEA0-F86B1A3DFCF3}"
EndProject
Project("{FAE04EC0-301F-11D3-BF4B-00C04F79EFBC}") = "VisualObjects.WebService", "VisualObjects.WebService\VisualObjects.WebService.csproj", "{87E99CB4-CDB0-451B-8B22-3B24C2D3EBF7}"
EndProject
Global
	GlobalSection(SolutionConfigurationPlatforms) = preSolution
		Debug|Any CPU = Debug|Any CPU
		Debug|x64 = Debug|x64
		Debug|x86 = Debug|x86
		Release|Any CPU = Release|Any CPU
		Release|x64 = Release|x64
		Release|x86 = Release|x86
	EndGlobalSection
	GlobalSection(ProjectConfigurationPlatforms) = postSolution
		{E1AFDCDD-8EB2-41BE-99E8-8CE502AE9387}.Debug|Any CPU.ActiveCfg = Debug|x64
		{E1AFDCDD-8EB2-41BE-99E8-8CE502AE9387}.Debug|x64.ActiveCfg = Debug|x64
		{E1AFDCDD-8EB2-41BE-99E8-8CE502AE9387}.Debug|x64.Build.0 = Debug|x64
		{E1AFDCDD-8EB2-41BE-99E8-8CE502AE9387}.Debug|x64.Deploy.0 = Debug|x64
		{E1AFDCDD-8EB2-41BE-99E8-8CE502AE9387}.Debug|x86.ActiveCfg = Debug|x64
		{E1AFDCDD-8EB2-41BE-99E8-8CE502AE9387}.Release|Any CPU.ActiveCfg = Release|x64
		{E1AFDCDD-8EB2-41BE-99E8-8CE502AE9387}.Release|x64.ActiveCfg = Release|x64
		{E1AFDCDD-8EB2-41BE-99E8-8CE502AE9387}.Release|x64.Build.0 = Release|x64
		{E1AFDCDD-8EB2-41BE-99E8-8CE502AE9387}.Release|x64.Deploy.0 = Release|x64
		{E1AFDCDD-8EB2-41BE-99E8-8CE502AE9387}.Release|x86.ActiveCfg = Release|x64
		{8E9F7B8E-2FE4-407E-A5D1-FCA0F483A16E}.Debug|Any CPU.ActiveCfg = Debug|x64
		{8E9F7B8E-2FE4-407E-A5D1-FCA0F483A16E}.Debug|x64.ActiveCfg = Debug|x64
		{8E9F7B8E-2FE4-407E-A5D1-FCA0F483A16E}.Debug|x64.Build.0 = Debug|x64
		{8E9F7B8E-2FE4-407E-A5D1-FCA0F483A16E}.Debug|x86.ActiveCfg = Debug|x64
		{8E9F7B8E-2FE4-407E-A5D1-FCA0F483A16E}.Release|Any CPU.ActiveCfg = Release|x64
		{8E9F7B8E-2FE4-407E-A5D1-FCA0F483A16E}.Release|x64.ActiveCfg = Release|x64
		{8E9F7B8E-2FE4-407E-A5D1-FCA0F483A16E}.Release|x64.Build.0 = Release|x64
		{8E9F7B8E-2FE4-407E-A5D1-FCA0F483A16E}.Release|x86.ActiveCfg = Release|x64
		{6C5A37DB-94DA-4098-BEA0-F86B1A3DFCF3}.Debug|Any CPU.ActiveCfg = Debug|x64
		{6C5A37DB-94DA-4098-BEA0-F86B1A3DFCF3}.Debug|x64.ActiveCfg = Debug|x64
		{6C5A37DB-94DA-4098-BEA0-F86B1A3DFCF3}.Debug|x64.Build.0 = Debug|x64
		{6C5A37DB-94DA-4098-BEA0-F86B1A3DFCF3}.Debug|x86.ActiveCfg = Debug|x64
		{6C5A37DB-94DA-4098-BEA0-F86B1A3DFCF3}.Release|Any CPU.ActiveCfg = Release|x64
		{6C5A37DB-94DA-4098-BEA0-F86B1A3DFCF3}.Release|x64.ActiveCfg = Release|x64
		{6C5A37DB-94DA-4098-BEA0-F86B1A3DFCF3}.Release|x64.Build.0 = Release|x64
		{6C5A37DB-94DA-4098-BEA0-F86B1A3DFCF3}.Release|x86.ActiveCfg = Release|x64
		{87E99CB4-CDB0-451B-8B22-3B24C2D3EBF7}.Debug|Any CPU.ActiveCfg = Debug|x64
		{87E99CB4-CDB0-451B-8B22-3B24C2D3EBF7}.Debug|x64.ActiveCfg = Debug|x64
		{87E99CB4-CDB0-451B-8B22-3B24C2D3EBF7}.Debug|x64.Build.0 = Debug|x64
		{87E99CB4-CDB0-451B-8B22-3B24C2D3EBF7}.Debug|x86.ActiveCfg = Debug|x64
		{87E99CB4-CDB0-451B-8B22-3B24C2D3EBF7}.Release|Any CPU.ActiveCfg = Release|x64
		{87E99CB4-CDB0-451B-8B22-3B24C2D3EBF7}.Release|x64.ActiveCfg = Release|x64
		{87E99CB4-CDB0-451B-8B22-3B24C2D3EBF7}.Release|x64.Build.0 = Release|x64
		{87E99CB4-CDB0-451B-8B22-3B24C2D3EBF7}.Release|x86.ActiveCfg = Release|x64
	EndGlobalSection
	GlobalSection(SolutionProperties) = preSolution
		HideSolutionNode = FALSE
	EndGlobalSection
EndGlobal
