
Microsoft Visual Studio Solution File, Format Version 12.00
# Visual Studio 15
VisualStudioVersion = 15.0.26206.0
MinimumVisualStudioVersion = 10.0.40219.1
Project("{A07B5EB6-E848-4116-A8D0-A826331D98C6}") = "MinecraftFabric", "MinecraftFabric\MinecraftFabric.sfproj", "{01C8F6FA-E964-42AD-ADA4-7790D8BA6035}"
EndProject
Project("{9A19103F-16F7-4668-BE54-9A1E7A4F7556}") = "MinecraftFabric.WebService", "MinecraftFabric.WebService\MinecraftFabric.WebService.csproj", "{150515BF-3695-436C-B12C-7A80B1AD94B6}"
EndProject
Project("{FAE04EC0-301F-11D3-BF4B-00C04F79EFBC}") = "MinecraftFabric.Actors", "MinecraftFabric.Actors\MinecraftFabric.Actors.csproj", "{D5EC2C63-47AB-400B-8B7B-C18617943564}"
EndProject
Project("{FAE04EC0-301F-11D3-BF4B-00C04F79EFBC}") = "MinecraftFabric.Actors.Interfaces", "MinecraftFabric.Actors.Interfaces\MinecraftFabric.Actors.Interfaces.csproj", "{34511D0F-5F40-473D-BD33-319DD0C9013F}"
EndProject
Global
	GlobalSection(SolutionConfigurationPlatforms) = preSolution
		Debug|Any CPU = Debug|Any CPU
		Debug|x64 = Debug|x64
		Debug|x86 = Debug|x86
		Release|Any CPU = Release|Any CPU
		Release|x64 = Release|x64
		Release|x86 = Release|x86
	EndGlobalSection
	GlobalSection(ProjectConfigurationPlatforms) = postSolution
		{01C8F6FA-E964-42AD-ADA4-7790D8BA6035}.Debug|Any CPU.ActiveCfg = Debug|x64
		{01C8F6FA-E964-42AD-ADA4-7790D8BA6035}.Debug|Any CPU.Build.0 = Debug|x64
		{01C8F6FA-E964-42AD-ADA4-7790D8BA6035}.Debug|Any CPU.Deploy.0 = Debug|x64
		{01C8F6FA-E964-42AD-ADA4-7790D8BA6035}.Debug|x64.ActiveCfg = Debug|x64
		{01C8F6FA-E964-42AD-ADA4-7790D8BA6035}.Debug|x64.Build.0 = Debug|x64
		{01C8F6FA-E964-42AD-ADA4-7790D8BA6035}.Debug|x64.Deploy.0 = Debug|x64
		{01C8F6FA-E964-42AD-ADA4-7790D8BA6035}.Debug|x86.ActiveCfg = Debug|x64
		{01C8F6FA-E964-42AD-ADA4-7790D8BA6035}.Release|Any CPU.ActiveCfg = Release|x64
		{01C8F6FA-E964-42AD-ADA4-7790D8BA6035}.Release|x64.ActiveCfg = Release|x64
		{01C8F6FA-E964-42AD-ADA4-7790D8BA6035}.Release|x64.Build.0 = Release|x64
		{01C8F6FA-E964-42AD-ADA4-7790D8BA6035}.Release|x64.Deploy.0 = Release|x64
		{01C8F6FA-E964-42AD-ADA4-7790D8BA6035}.Release|x86.ActiveCfg = Release|x64
		{150515BF-3695-436C-B12C-7A80B1AD94B6}.Debug|Any CPU.ActiveCfg = Debug|Any CPU
		{150515BF-3695-436C-B12C-7A80B1AD94B6}.Debug|Any CPU.Build.0 = Debug|Any CPU
		{150515BF-3695-436C-B12C-7A80B1AD94B6}.Debug|x64.ActiveCfg = Debug|x64
		{150515BF-3695-436C-B12C-7A80B1AD94B6}.Debug|x64.Build.0 = Debug|x64
		{150515BF-3695-436C-B12C-7A80B1AD94B6}.Debug|x86.ActiveCfg = Debug|x86
		{150515BF-3695-436C-B12C-7A80B1AD94B6}.Debug|x86.Build.0 = Debug|x86
		{150515BF-3695-436C-B12C-7A80B1AD94B6}.Release|Any CPU.ActiveCfg = Release|Any CPU
		{150515BF-3695-436C-B12C-7A80B1AD94B6}.Release|Any CPU.Build.0 = Release|Any CPU
		{150515BF-3695-436C-B12C-7A80B1AD94B6}.Release|x64.ActiveCfg = Release|x64
		{150515BF-3695-436C-B12C-7A80B1AD94B6}.Release|x64.Build.0 = Release|x64
		{150515BF-3695-436C-B12C-7A80B1AD94B6}.Release|x86.ActiveCfg = Release|x86
		{150515BF-3695-436C-B12C-7A80B1AD94B6}.Release|x86.Build.0 = Release|x86
		{D5EC2C63-47AB-400B-8B7B-C18617943564}.Debug|Any CPU.ActiveCfg = Debug|x64
		{D5EC2C63-47AB-400B-8B7B-C18617943564}.Debug|Any CPU.Build.0 = Debug|x64
		{D5EC2C63-47AB-400B-8B7B-C18617943564}.Debug|x64.ActiveCfg = Debug|x64
		{D5EC2C63-47AB-400B-8B7B-C18617943564}.Debug|x64.Build.0 = Debug|x64
		{D5EC2C63-47AB-400B-8B7B-C18617943564}.Debug|x86.ActiveCfg = Debug|x64
		{D5EC2C63-47AB-400B-8B7B-C18617943564}.Release|Any CPU.ActiveCfg = Release|x64
		{D5EC2C63-47AB-400B-8B7B-C18617943564}.Release|x64.ActiveCfg = Release|x64
		{D5EC2C63-47AB-400B-8B7B-C18617943564}.Release|x64.Build.0 = Release|x64
		{D5EC2C63-47AB-400B-8B7B-C18617943564}.Release|x86.ActiveCfg = Release|x64
		{34511D0F-5F40-473D-BD33-319DD0C9013F}.Debug|Any CPU.ActiveCfg = Debug|x64
		{34511D0F-5F40-473D-BD33-319DD0C9013F}.Debug|Any CPU.Build.0 = Debug|x64
		{34511D0F-5F40-473D-BD33-319DD0C9013F}.Debug|x64.ActiveCfg = Debug|x64
		{34511D0F-5F40-473D-BD33-319DD0C9013F}.Debug|x64.Build.0 = Debug|x64
		{34511D0F-5F40-473D-BD33-319DD0C9013F}.Debug|x86.ActiveCfg = Debug|x64
		{34511D0F-5F40-473D-BD33-319DD0C9013F}.Release|Any CPU.ActiveCfg = Release|x64
		{34511D0F-5F40-473D-BD33-319DD0C9013F}.Release|x64.ActiveCfg = Release|x64
		{34511D0F-5F40-473D-BD33-319DD0C9013F}.Release|x64.Build.0 = Release|x64
		{34511D0F-5F40-473D-BD33-319DD0C9013F}.Release|x86.ActiveCfg = Release|x64
	EndGlobalSection
	GlobalSection(SolutionProperties) = preSolution
		HideSolutionNode = FALSE
	EndGlobalSection
EndGlobal
